{
  "requires": true,
  "lockfileVersion": 1,
  "dependencies": {
    "material-design-icons-iconfont": {
      "version": "6.0.2",
      "resolved": "https://registry.npmjs.org/material-design-icons-iconfont/-/material-design-icons-iconfont-6.0.2.tgz",
      "integrity": "sha512-ks9SbeJL5sG/su3AGzd1OuYbtaAY5KTwYvhWchcNUjdbQiddD3A+Vqi9nag1Ag0Rv9zGs34kyWWYTAUF3ynpyA=="
    }
  }
}
